
Microsoft Visual Studio Solution File, Format Version 12.00
# Visual Studio 15
VisualStudioVersion = 15.0.26730.12
MinimumVisualStudioVersion = 10.0.40219.1
Project("{FAE04EC0-301F-11D3-BF4B-00C04F79EFBC}") = "BioAlgorythm", "BioAlgorythm\BioAlgorythm.csproj", "{1732D301-87E8-4426-A22F-74355801E1BD}"
EndProject
Project("{2150E333-8FDC-42A3-9474-1A3956D46DE8}") = "Algorythms", "Algorythms", "{939DFEA2-2D7E-4EFA-8CF4-93CBB212B0B2}"
EndProject
Project("{2150E333-8FDC-42A3-9474-1A3956D46DE8}") = "Presentation", "Presentation", "{96C3910C-5A7E-4439-A476-740BDCA89CCA}"
EndProject
Project("{2150E333-8FDC-42A3-9474-1A3956D46DE8}") = "ViewModel", "ViewModel", "{7B4E2BCD-C978-4296-9A72-2A22A2D2A59B}"
EndProject
Project("{2150E333-8FDC-42A3-9474-1A3956D46DE8}") = "View", "View", "{9FF9A895-6A26-425F-B508-6092B3D333E0}"
EndProject
Project("{2150E333-8FDC-42A3-9474-1A3956D46DE8}") = "Model", "Model", "{04435521-F0E7-4266-AB0F-3B8AE35E1292}"
EndProject
Project("{FAE04EC0-301F-11D3-BF4B-00C04F79EFBC}") = "DNAMapping", "DNAMapping\DNAMapping.csproj", "{65FA3006-21C8-4F1C-AB41-8FC23E4C4618}"
EndProject
Project("{FAE04EC0-301F-11D3-BF4B-00C04F79EFBC}") = "FindingRegulatoryMotifs", "FindingRegulatoryMotifs\FindingRegulatoryMotifs.csproj", "{FB95CB8C-1245-4E5E-99DD-1FBA84EAC086}"
EndProject
Project("{2150E333-8FDC-42A3-9474-1A3956D46DE8}") = "AlgorythmsTest", "AlgorythmsTest", "{7B11D2BF-D731-45EB-957E-C1DEEA6F92E7}"
EndProject
Project("{FAE04EC0-301F-11D3-BF4B-00C04F79EFBC}") = "DNAMappingTest", "DNAMappingTest\DNAMappingTest.csproj", "{543C3C77-6711-41C7-B75E-7BD544B24345}"
EndProject
Project("{FAE04EC0-301F-11D3-BF4B-00C04F79EFBC}") = "CommonLibrary", "CommonLibrary\CommonLibrary.csproj", "{6208C3EB-138F-4B2E-93A8-6469D8A75379}"
EndProject
Project("{FAE04EC0-301F-11D3-BF4B-00C04F79EFBC}") = "CommonLibraryTest", "CommonLibraryTest\CommonLibraryTest.csproj", "{5819225C-3C0D-41D2-8FC9-0B7F0C278E51}"
EndProject
Project("{2150E333-8FDC-42A3-9474-1A3956D46DE8}") = "DataBase", "DataBase", "{343877DA-F97D-4F63-BDAD-5D66F3AF43C6}"
EndProject
Project("{00D1A9C2-B5F0-4AF3-8072-F6C62B433612}") = "BioAlgorythmDatabase", "BioAlgorythmDatabase\BioAlgorythmDatabase.sqlproj", "{33A7045D-1CB4-4A7B-8AF8-ABBDA6B51AB9}"
EndProject
Project("{2150E333-8FDC-42A3-9474-1A3956D46DE8}") = "Base", "Base", "{B12BF9FF-7DAD-4886-B5FB-189BDDF94EA9}"
EndProject
Project("{FAE04EC0-301F-11D3-BF4B-00C04F79EFBC}") = "BaseContract", "BaseContract\BaseContract.csproj", "{B8C5FEDA-931E-439F-9661-D533D482352B}"
EndProject
Project("{2150E333-8FDC-42A3-9474-1A3956D46DE8}") = "Statistics", "Statistics", "{9A3777FE-3716-48F7-8FE8-8052D06673F5}"
EndProject
Project("{FAE04EC0-301F-11D3-BF4B-00C04F79EFBC}") = "StatisticsStorage", "StatisticsStorage\StatisticsStorage.csproj", "{475C38D6-BD97-455C-A52D-AFA461C533F7}"
EndProject
Project("{FAE04EC0-301F-11D3-BF4B-00C04F79EFBC}") = "RegulatoryMotifsTest", "RegulatoryMotifsTest\RegulatoryMotifsTest.csproj", "{F5675F8D-7C55-4FC7-8180-3CDA3DE349AF}"
EndProject
Project("{2150E333-8FDC-42A3-9474-1A3956D46DE8}") = "PolynomialComplexity", "PolynomialComplexity", "{2FA96C16-8DE4-4CF7-85F0-13136D2FB2F7}"
EndProject
Project("{2150E333-8FDC-42A3-9474-1A3956D46DE8}") = "Strings", "Strings", "{458C8F65-3291-4DDE-82C0-25CAC1CB4A9F}"
EndProject
Project("{FAE04EC0-301F-11D3-BF4B-00C04F79EFBC}") = "ExactStringCompare", "ExactStringCompare\ExactStringCompare.csproj", "{D9239498-FBE1-4294-9356-49684883C652}"
EndProject
Project("{2150E333-8FDC-42A3-9474-1A3956D46DE8}") = "PolynomialComplexityTest", "PolynomialComplexityTest", "{08918C6E-4F30-4AC7-B1C4-DD8308A6C0B2}"
EndProject
Project("{2150E333-8FDC-42A3-9474-1A3956D46DE8}") = "StringsTest", "StringsTest", "{292C11B9-F4B3-49E1-ACD3-3C06455E62DC}"
EndProject
Project("{FAE04EC0-301F-11D3-BF4B-00C04F79EFBC}") = "ExactStringCompareTest", "ExactStringCompareTest\ExactStringCompareTest.csproj", "{3706F70C-A364-4622-9D0F-C2192536C3CF}"
EndProject
Project("{FAE04EC0-301F-11D3-BF4B-00C04F79EFBC}") = "TravellingSalesman", "TravellingSalesman\TravellingSalesman.csproj", "{5334B360-EE72-4181-8355-4B9ECDA3EDFB}"
EndProject
Project("{FAE04EC0-301F-11D3-BF4B-00C04F79EFBC}") = "PermitationTest", "PermitationTest\PermitationTest.csproj", "{5F8067F1-3BBE-42B3-A3E0-AF60E807999C}"
EndProject
Project("{00D1A9C2-B5F0-4AF3-8072-F6C62B433612}") = "TSPDatabase", "TSPDatabase\TSPDatabase.sqlproj", "{656DD164-0D31-4FB4-B7EC-60D6E8E63233}"
EndProject
Project("{00D1A9C2-B5F0-4AF3-8072-F6C62B433612}") = "StringExactDatabase", "StringExactDatabase\StringExactDatabase.sqlproj", "{43398372-D43D-49E2-B197-51A0D11F8AD9}"
EndProject
Project("{FAE04EC0-301F-11D3-BF4B-00C04F79EFBC}") = "TravellingSalesmanTest", "TravellingSalesmanTest\TravellingSalesmanTest.csproj", "{887C25E6-F75C-4F3D-AA11-C7BA49326432}"
EndProject
Project("{FAE04EC0-301F-11D3-BF4B-00C04F79EFBC}") = "ExactStringCompareTest1", "ExactStringCompareTest1\ExactStringCompareTest1.csproj", "{57276443-05FA-42B0-8456-C444F6D3E75E}"
EndProject
Global
	GlobalSection(SolutionConfigurationPlatforms) = preSolution
		Debug|Any CPU = Debug|Any CPU
		Release|Any CPU = Release|Any CPU
	EndGlobalSection
	GlobalSection(ProjectConfigurationPlatforms) = postSolution
		{1732D301-87E8-4426-A22F-74355801E1BD}.Debug|Any CPU.ActiveCfg = Debug|Any CPU
		{1732D301-87E8-4426-A22F-74355801E1BD}.Debug|Any CPU.Build.0 = Debug|Any CPU
		{1732D301-87E8-4426-A22F-74355801E1BD}.Release|Any CPU.ActiveCfg = Release|Any CPU
		{1732D301-87E8-4426-A22F-74355801E1BD}.Release|Any CPU.Build.0 = Release|Any CPU
		{65FA3006-21C8-4F1C-AB41-8FC23E4C4618}.Debug|Any CPU.ActiveCfg = Debug|Any CPU
		{65FA3006-21C8-4F1C-AB41-8FC23E4C4618}.Debug|Any CPU.Build.0 = Debug|Any CPU
		{65FA3006-21C8-4F1C-AB41-8FC23E4C4618}.Release|Any CPU.ActiveCfg = Release|Any CPU
		{65FA3006-21C8-4F1C-AB41-8FC23E4C4618}.Release|Any CPU.Build.0 = Release|Any CPU
		{FB95CB8C-1245-4E5E-99DD-1FBA84EAC086}.Debug|Any CPU.ActiveCfg = Debug|Any CPU
		{FB95CB8C-1245-4E5E-99DD-1FBA84EAC086}.Debug|Any CPU.Build.0 = Debug|Any CPU
		{FB95CB8C-1245-4E5E-99DD-1FBA84EAC086}.Release|Any CPU.ActiveCfg = Release|Any CPU
		{FB95CB8C-1245-4E5E-99DD-1FBA84EAC086}.Release|Any CPU.Build.0 = Release|Any CPU
		{543C3C77-6711-41C7-B75E-7BD544B24345}.Debug|Any CPU.ActiveCfg = Debug|Any CPU
		{543C3C77-6711-41C7-B75E-7BD544B24345}.Debug|Any CPU.Build.0 = Debug|Any CPU
		{543C3C77-6711-41C7-B75E-7BD544B24345}.Release|Any CPU.ActiveCfg = Release|Any CPU
		{543C3C77-6711-41C7-B75E-7BD544B24345}.Release|Any CPU.Build.0 = Release|Any CPU
		{6208C3EB-138F-4B2E-93A8-6469D8A75379}.Debug|Any CPU.ActiveCfg = Debug|Any CPU
		{6208C3EB-138F-4B2E-93A8-6469D8A75379}.Debug|Any CPU.Build.0 = Debug|Any CPU
		{6208C3EB-138F-4B2E-93A8-6469D8A75379}.Release|Any CPU.ActiveCfg = Release|Any CPU
		{6208C3EB-138F-4B2E-93A8-6469D8A75379}.Release|Any CPU.Build.0 = Release|Any CPU
		{5819225C-3C0D-41D2-8FC9-0B7F0C278E51}.Debug|Any CPU.ActiveCfg = Debug|Any CPU
		{5819225C-3C0D-41D2-8FC9-0B7F0C278E51}.Debug|Any CPU.Build.0 = Debug|Any CPU
		{5819225C-3C0D-41D2-8FC9-0B7F0C278E51}.Release|Any CPU.ActiveCfg = Release|Any CPU
		{5819225C-3C0D-41D2-8FC9-0B7F0C278E51}.Release|Any CPU.Build.0 = Release|Any CPU
		{33A7045D-1CB4-4A7B-8AF8-ABBDA6B51AB9}.Debug|Any CPU.ActiveCfg = Debug|Any CPU
		{33A7045D-1CB4-4A7B-8AF8-ABBDA6B51AB9}.Debug|Any CPU.Build.0 = Debug|Any CPU
		{33A7045D-1CB4-4A7B-8AF8-ABBDA6B51AB9}.Debug|Any CPU.Deploy.0 = Debug|Any CPU
		{33A7045D-1CB4-4A7B-8AF8-ABBDA6B51AB9}.Release|Any CPU.ActiveCfg = Release|Any CPU
		{33A7045D-1CB4-4A7B-8AF8-ABBDA6B51AB9}.Release|Any CPU.Build.0 = Release|Any CPU
		{33A7045D-1CB4-4A7B-8AF8-ABBDA6B51AB9}.Release|Any CPU.Deploy.0 = Release|Any CPU
		{B8C5FEDA-931E-439F-9661-D533D482352B}.Debug|Any CPU.ActiveCfg = Debug|Any CPU
		{B8C5FEDA-931E-439F-9661-D533D482352B}.Debug|Any CPU.Build.0 = Debug|Any CPU
		{B8C5FEDA-931E-439F-9661-D533D482352B}.Release|Any CPU.ActiveCfg = Release|Any CPU
		{B8C5FEDA-931E-439F-9661-D533D482352B}.Release|Any CPU.Build.0 = Release|Any CPU
		{475C38D6-BD97-455C-A52D-AFA461C533F7}.Debug|Any CPU.ActiveCfg = Debug|Any CPU
		{475C38D6-BD97-455C-A52D-AFA461C533F7}.Debug|Any CPU.Build.0 = Debug|Any CPU
		{475C38D6-BD97-455C-A52D-AFA461C533F7}.Release|Any CPU.ActiveCfg = Release|Any CPU
		{475C38D6-BD97-455C-A52D-AFA461C533F7}.Release|Any CPU.Build.0 = Release|Any CPU
		{F5675F8D-7C55-4FC7-8180-3CDA3DE349AF}.Debug|Any CPU.ActiveCfg = Debug|Any CPU
		{F5675F8D-7C55-4FC7-8180-3CDA3DE349AF}.Debug|Any CPU.Build.0 = Debug|Any CPU
		{F5675F8D-7C55-4FC7-8180-3CDA3DE349AF}.Release|Any CPU.ActiveCfg = Release|Any CPU
		{F5675F8D-7C55-4FC7-8180-3CDA3DE349AF}.Release|Any CPU.Build.0 = Release|Any CPU
		{D9239498-FBE1-4294-9356-49684883C652}.Debug|Any CPU.ActiveCfg = Debug|Any CPU
		{D9239498-FBE1-4294-9356-49684883C652}.Debug|Any CPU.Build.0 = Debug|Any CPU
		{D9239498-FBE1-4294-9356-49684883C652}.Release|Any CPU.ActiveCfg = Release|Any CPU
		{D9239498-FBE1-4294-9356-49684883C652}.Release|Any CPU.Build.0 = Release|Any CPU
		{3706F70C-A364-4622-9D0F-C2192536C3CF}.Debug|Any CPU.ActiveCfg = Debug|Any CPU
		{3706F70C-A364-4622-9D0F-C2192536C3CF}.Debug|Any CPU.Build.0 = Debug|Any CPU
		{3706F70C-A364-4622-9D0F-C2192536C3CF}.Release|Any CPU.ActiveCfg = Release|Any CPU
		{3706F70C-A364-4622-9D0F-C2192536C3CF}.Release|Any CPU.Build.0 = Release|Any CPU
		{5334B360-EE72-4181-8355-4B9ECDA3EDFB}.Debug|Any CPU.ActiveCfg = Debug|Any CPU
		{5334B360-EE72-4181-8355-4B9ECDA3EDFB}.Debug|Any CPU.Build.0 = Debug|Any CPU
		{5334B360-EE72-4181-8355-4B9ECDA3EDFB}.Release|Any CPU.ActiveCfg = Release|Any CPU
		{5334B360-EE72-4181-8355-4B9ECDA3EDFB}.Release|Any CPU.Build.0 = Release|Any CPU
		{5F8067F1-3BBE-42B3-A3E0-AF60E807999C}.Debug|Any CPU.ActiveCfg = Debug|Any CPU
		{5F8067F1-3BBE-42B3-A3E0-AF60E807999C}.Debug|Any CPU.Build.0 = Debug|Any CPU
		{5F8067F1-3BBE-42B3-A3E0-AF60E807999C}.Release|Any CPU.ActiveCfg = Release|Any CPU
		{5F8067F1-3BBE-42B3-A3E0-AF60E807999C}.Release|Any CPU.Build.0 = Release|Any CPU
		{656DD164-0D31-4FB4-B7EC-60D6E8E63233}.Debug|Any CPU.ActiveCfg = Debug|Any CPU
		{656DD164-0D31-4FB4-B7EC-60D6E8E63233}.Debug|Any CPU.Build.0 = Debug|Any CPU
		{656DD164-0D31-4FB4-B7EC-60D6E8E63233}.Debug|Any CPU.Deploy.0 = Debug|Any CPU
		{656DD164-0D31-4FB4-B7EC-60D6E8E63233}.Release|Any CPU.ActiveCfg = Release|Any CPU
		{656DD164-0D31-4FB4-B7EC-60D6E8E63233}.Release|Any CPU.Build.0 = Release|Any CPU
		{656DD164-0D31-4FB4-B7EC-60D6E8E63233}.Release|Any CPU.Deploy.0 = Release|Any CPU
		{43398372-D43D-49E2-B197-51A0D11F8AD9}.Debug|Any CPU.ActiveCfg = Debug|Any CPU
		{43398372-D43D-49E2-B197-51A0D11F8AD9}.Debug|Any CPU.Build.0 = Debug|Any CPU
		{43398372-D43D-49E2-B197-51A0D11F8AD9}.Debug|Any CPU.Deploy.0 = Debug|Any CPU
		{43398372-D43D-49E2-B197-51A0D11F8AD9}.Release|Any CPU.ActiveCfg = Release|Any CPU
		{43398372-D43D-49E2-B197-51A0D11F8AD9}.Release|Any CPU.Build.0 = Release|Any CPU
		{43398372-D43D-49E2-B197-51A0D11F8AD9}.Release|Any CPU.Deploy.0 = Release|Any CPU
		{887C25E6-F75C-4F3D-AA11-C7BA49326432}.Debug|Any CPU.ActiveCfg = Debug|Any CPU
		{887C25E6-F75C-4F3D-AA11-C7BA49326432}.Debug|Any CPU.Build.0 = Debug|Any CPU
		{887C25E6-F75C-4F3D-AA11-C7BA49326432}.Release|Any CPU.ActiveCfg = Release|Any CPU
		{887C25E6-F75C-4F3D-AA11-C7BA49326432}.Release|Any CPU.Build.0 = Release|Any CPU
		{57276443-05FA-42B0-8456-C444F6D3E75E}.Debug|Any CPU.ActiveCfg = Debug|Any CPU
		{57276443-05FA-42B0-8456-C444F6D3E75E}.Debug|Any CPU.Build.0 = Debug|Any CPU
		{57276443-05FA-42B0-8456-C444F6D3E75E}.Release|Any CPU.ActiveCfg = Release|Any CPU
		{57276443-05FA-42B0-8456-C444F6D3E75E}.Release|Any CPU.Build.0 = Release|Any CPU
	EndGlobalSection
	GlobalSection(SolutionProperties) = preSolution
		HideSolutionNode = FALSE
	EndGlobalSection
	GlobalSection(NestedProjects) = preSolution
		{1732D301-87E8-4426-A22F-74355801E1BD} = {9FF9A895-6A26-425F-B508-6092B3D333E0}
		{7B4E2BCD-C978-4296-9A72-2A22A2D2A59B} = {96C3910C-5A7E-4439-A476-740BDCA89CCA}
		{9FF9A895-6A26-425F-B508-6092B3D333E0} = {96C3910C-5A7E-4439-A476-740BDCA89CCA}
		{04435521-F0E7-4266-AB0F-3B8AE35E1292} = {96C3910C-5A7E-4439-A476-740BDCA89CCA}
		{65FA3006-21C8-4F1C-AB41-8FC23E4C4618} = {939DFEA2-2D7E-4EFA-8CF4-93CBB212B0B2}
		{FB95CB8C-1245-4E5E-99DD-1FBA84EAC086} = {939DFEA2-2D7E-4EFA-8CF4-93CBB212B0B2}
		{543C3C77-6711-41C7-B75E-7BD544B24345} = {7B11D2BF-D731-45EB-957E-C1DEEA6F92E7}
		{6208C3EB-138F-4B2E-93A8-6469D8A75379} = {939DFEA2-2D7E-4EFA-8CF4-93CBB212B0B2}
		{5819225C-3C0D-41D2-8FC9-0B7F0C278E51} = {7B11D2BF-D731-45EB-957E-C1DEEA6F92E7}
		{33A7045D-1CB4-4A7B-8AF8-ABBDA6B51AB9} = {343877DA-F97D-4F63-BDAD-5D66F3AF43C6}
		{B8C5FEDA-931E-439F-9661-D533D482352B} = {B12BF9FF-7DAD-4886-B5FB-189BDDF94EA9}
		{475C38D6-BD97-455C-A52D-AFA461C533F7} = {9A3777FE-3716-48F7-8FE8-8052D06673F5}
		{F5675F8D-7C55-4FC7-8180-3CDA3DE349AF} = {7B11D2BF-D731-45EB-957E-C1DEEA6F92E7}
		{458C8F65-3291-4DDE-82C0-25CAC1CB4A9F} = {2FA96C16-8DE4-4CF7-85F0-13136D2FB2F7}
		{D9239498-FBE1-4294-9356-49684883C652} = {458C8F65-3291-4DDE-82C0-25CAC1CB4A9F}
		{292C11B9-F4B3-49E1-ACD3-3C06455E62DC} = {08918C6E-4F30-4AC7-B1C4-DD8308A6C0B2}
		{3706F70C-A364-4622-9D0F-C2192536C3CF} = {292C11B9-F4B3-49E1-ACD3-3C06455E62DC}
		{5334B360-EE72-4181-8355-4B9ECDA3EDFB} = {939DFEA2-2D7E-4EFA-8CF4-93CBB212B0B2}
		{5F8067F1-3BBE-42B3-A3E0-AF60E807999C} = {7B11D2BF-D731-45EB-957E-C1DEEA6F92E7}
		{656DD164-0D31-4FB4-B7EC-60D6E8E63233} = {343877DA-F97D-4F63-BDAD-5D66F3AF43C6}
		{43398372-D43D-49E2-B197-51A0D11F8AD9} = {343877DA-F97D-4F63-BDAD-5D66F3AF43C6}
		{887C25E6-F75C-4F3D-AA11-C7BA49326432} = {7B11D2BF-D731-45EB-957E-C1DEEA6F92E7}
		{57276443-05FA-42B0-8456-C444F6D3E75E} = {292C11B9-F4B3-49E1-ACD3-3C06455E62DC}
	EndGlobalSection
	GlobalSection(ExtensibilityGlobals) = postSolution
		SolutionGuid = {C05A3E1F-E008-49F2-976E-971970A1132C}
	EndGlobalSection
EndGlobal
