
Microsoft Visual Studio Solution File, Format Version 12.00
# Visual Studio Version 17
VisualStudioVersion = 17.8.34511.84
MinimumVisualStudioVersion = 10.0.40219.1
Project("{FAE04EC0-301F-11D3-BF4B-00C04F79EFBC}") = "RepresentativesSetTest", "..\RepresentativesSetTest\RepresentativesSetTest.csproj", "{7D25E979-6B47-48FA-93C2-D41792E6FAC6}"
EndProject
Project("{FAE04EC0-301F-11D3-BF4B-00C04F79EFBC}") = "BaseContract", "..\BaseContract\BaseContract.csproj", "{B8C5FEDA-931E-439F-9661-D533D482352B}"
EndProject
Project("{FAE04EC0-301F-11D3-BF4B-00C04F79EFBC}") = "CommonLibrary", "..\CommonLibrary\CommonLibrary.csproj", "{6208C3EB-138F-4B2E-93A8-6469D8A75379}"
EndProject
Project("{FAE04EC0-301F-11D3-BF4B-00C04F79EFBC}") = "RepresentativesSet", "..\RepresentativesSet\RepresentativesSet.csproj", "{F89C8B30-7195-45F0-88D7-9CA07E21DC69}"
EndProject
Project("{FAE04EC0-301F-11D3-BF4B-00C04F79EFBC}") = "StatisticsStorage", "..\StatisticsStorage\StatisticsStorage.csproj", "{475C38D6-BD97-455C-A52D-AFA461C533F7}"
EndProject
Global
	GlobalSection(SolutionConfigurationPlatforms) = preSolution
		Debug|Any CPU = Debug|Any CPU
		Release|Any CPU = Release|Any CPU
	EndGlobalSection
	GlobalSection(ProjectConfigurationPlatforms) = postSolution
		{7D25E979-6B47-48FA-93C2-D41792E6FAC6}.Debug|Any CPU.ActiveCfg = Debug|Any CPU
		{7D25E979-6B47-48FA-93C2-D41792E6FAC6}.Debug|Any CPU.Build.0 = Debug|Any CPU
		{7D25E979-6B47-48FA-93C2-D41792E6FAC6}.Release|Any CPU.ActiveCfg = Release|Any CPU
		{7D25E979-6B47-48FA-93C2-D41792E6FAC6}.Release|Any CPU.Build.0 = Release|Any CPU
		{B8C5FEDA-931E-439F-9661-D533D482352B}.Debug|Any CPU.ActiveCfg = Debug|Any CPU
		{B8C5FEDA-931E-439F-9661-D533D482352B}.Debug|Any CPU.Build.0 = Debug|Any CPU
		{B8C5FEDA-931E-439F-9661-D533D482352B}.Release|Any CPU.ActiveCfg = Release|Any CPU
		{B8C5FEDA-931E-439F-9661-D533D482352B}.Release|Any CPU.Build.0 = Release|Any CPU
		{6208C3EB-138F-4B2E-93A8-6469D8A75379}.Debug|Any CPU.ActiveCfg = Debug|Any CPU
		{6208C3EB-138F-4B2E-93A8-6469D8A75379}.Debug|Any CPU.Build.0 = Debug|Any CPU
		{6208C3EB-138F-4B2E-93A8-6469D8A75379}.Release|Any CPU.ActiveCfg = Release|Any CPU
		{6208C3EB-138F-4B2E-93A8-6469D8A75379}.Release|Any CPU.Build.0 = Release|Any CPU
		{F89C8B30-7195-45F0-88D7-9CA07E21DC69}.Debug|Any CPU.ActiveCfg = Debug|Any CPU
		{F89C8B30-7195-45F0-88D7-9CA07E21DC69}.Debug|Any CPU.Build.0 = Debug|Any CPU
		{F89C8B30-7195-45F0-88D7-9CA07E21DC69}.Release|Any CPU.ActiveCfg = Release|Any CPU
		{F89C8B30-7195-45F0-88D7-9CA07E21DC69}.Release|Any CPU.Build.0 = Release|Any CPU
		{475C38D6-BD97-455C-A52D-AFA461C533F7}.Debug|Any CPU.ActiveCfg = Debug|Any CPU
		{475C38D6-BD97-455C-A52D-AFA461C533F7}.Debug|Any CPU.Build.0 = Debug|Any CPU
		{475C38D6-BD97-455C-A52D-AFA461C533F7}.Release|Any CPU.ActiveCfg = Release|Any CPU
		{475C38D6-BD97-455C-A52D-AFA461C533F7}.Release|Any CPU.Build.0 = Release|Any CPU
	EndGlobalSection
	GlobalSection(SolutionProperties) = preSolution
		HideSolutionNode = FALSE
	EndGlobalSection
	GlobalSection(ExtensibilityGlobals) = postSolution
		SolutionGuid = {04335284-C263-4073-B4CA-BF1E5BAC66EA}
	EndGlobalSection
EndGlobal
